
Microsoft Visual Studio Solution File, Format Version 12.00
# Visual Studio Version 17
VisualStudioVersion = 17.14.36301.6
MinimumVisualStudioVersion = 10.0.40219.1
Project("{FAE04EC0-301F-11D3-BF4B-00C04F79EFBC}") = "Project.Pl", "Projectaccessla\Project.Pl.csproj", "{C7AC516D-E268-41A2-8A31-6A43AB8DBCAF}"
EndProject
Project("{FAE04EC0-301F-11D3-BF4B-00C04F79EFBC}") = "Project.DAL", "ProjectDAL\Project.DAL.csproj", "{3BD1E11B-FBE1-4677-B027-6E0968CAA85A}"
EndProject
Project("{FAE04EC0-301F-11D3-BF4B-00C04F79EFBC}") = "Project.Bl", "Project.Bl\Project.Bl.csproj", "{EE80650B-CD3C-455D-B681-58D84B527E63}"
EndProject
Global
	GlobalSection(SolutionConfigurationPlatforms) = preSolution
		Debug|Any CPU = Debug|Any CPU
		Release|Any CPU = Release|Any CPU
	EndGlobalSection
	GlobalSection(ProjectConfigurationPlatforms) = postSolution
		{C7AC516D-E268-41A2-8A31-6A43AB8DBCAF}.Debug|Any CPU.ActiveCfg = Debug|Any CPU
		{C7AC516D-E268-41A2-8A31-6A43AB8DBCAF}.Debug|Any CPU.Build.0 = Debug|Any CPU
		{C7AC516D-E268-41A2-8A31-6A43AB8DBCAF}.Release|Any CPU.ActiveCfg = Release|Any CPU
		{C7AC516D-E268-41A2-8A31-6A43AB8DBCAF}.Release|Any CPU.Build.0 = Release|Any CPU
		{3BD1E11B-FBE1-4677-B027-6E0968CAA85A}.Debug|Any CPU.ActiveCfg = Debug|Any CPU
		{3BD1E11B-FBE1-4677-B027-6E0968CAA85A}.Debug|Any CPU.Build.0 = Debug|Any CPU
		{3BD1E11B-FBE1-4677-B027-6E0968CAA85A}.Release|Any CPU.ActiveCfg = Release|Any CPU
		{3BD1E11B-FBE1-4677-B027-6E0968CAA85A}.Release|Any CPU.Build.0 = Release|Any CPU
		{EE80650B-CD3C-455D-B681-58D84B527E63}.Debug|Any CPU.ActiveCfg = Debug|Any CPU
		{EE80650B-CD3C-455D-B681-58D84B527E63}.Debug|Any CPU.Build.0 = Debug|Any CPU
		{EE80650B-CD3C-455D-B681-58D84B527E63}.Release|Any CPU.ActiveCfg = Release|Any CPU
		{EE80650B-CD3C-455D-B681-58D84B527E63}.Release|Any CPU.Build.0 = Release|Any CPU
	EndGlobalSection
	GlobalSection(SolutionProperties) = preSolution
		HideSolutionNode = FALSE
	EndGlobalSection
	GlobalSection(ExtensibilityGlobals) = postSolution
		SolutionGuid = {18B689E7-2E3C-4C8D-A2E1-500496D98A97}
	EndGlobalSection
EndGlobal
