
Microsoft Visual Studio Solution File, Format Version 12.00
# Visual Studio Version 17
VisualStudioVersion = 17.14.36301.6
MinimumVisualStudioVersion = 10.0.40219.1
Project("{FAE04EC0-301F-11D3-BF4B-00C04F79EFBC}") = "KAshop.PL", "KAshop.PL\KAshop.PL.csproj", "{BEC6AA3C-95B9-4AF5-A390-9F98F9DBE4D1}"
EndProject
Project("{FAE04EC0-301F-11D3-BF4B-00C04F79EFBC}") = "KAshop.DAL", "KAshop.DAL\KAshop.DAL.csproj", "{943AF066-BC23-482F-A6D0-119767453717}"
EndProject
Project("{FAE04EC0-301F-11D3-BF4B-00C04F79EFBC}") = "KAshop.BLL", "KAshop.BLL\KAshop.BLL.csproj", "{59E84F63-FE83-49D6-89C0-EF79DB6A6102}"
EndProject
Global
	GlobalSection(SolutionConfigurationPlatforms) = preSolution
		Debug|Any CPU = Debug|Any CPU
		Release|Any CPU = Release|Any CPU
	EndGlobalSection
	GlobalSection(ProjectConfigurationPlatforms) = postSolution
		{BEC6AA3C-95B9-4AF5-A390-9F98F9DBE4D1}.Debug|Any CPU.ActiveCfg = Debug|Any CPU
		{BEC6AA3C-95B9-4AF5-A390-9F98F9DBE4D1}.Debug|Any CPU.Build.0 = Debug|Any CPU
		{BEC6AA3C-95B9-4AF5-A390-9F98F9DBE4D1}.Release|Any CPU.ActiveCfg = Release|Any CPU
		{BEC6AA3C-95B9-4AF5-A390-9F98F9DBE4D1}.Release|Any CPU.Build.0 = Release|Any CPU
		{943AF066-BC23-482F-A6D0-119767453717}.Debug|Any CPU.ActiveCfg = Debug|Any CPU
		{943AF066-BC23-482F-A6D0-119767453717}.Debug|Any CPU.Build.0 = Debug|Any CPU
		{943AF066-BC23-482F-A6D0-119767453717}.Release|Any CPU.ActiveCfg = Release|Any CPU
		{943AF066-BC23-482F-A6D0-119767453717}.Release|Any CPU.Build.0 = Release|Any CPU
		{59E84F63-FE83-49D6-89C0-EF79DB6A6102}.Debug|Any CPU.ActiveCfg = Debug|Any CPU
		{59E84F63-FE83-49D6-89C0-EF79DB6A6102}.Debug|Any CPU.Build.0 = Debug|Any CPU
		{59E84F63-FE83-49D6-89C0-EF79DB6A6102}.Release|Any CPU.ActiveCfg = Release|Any CPU
		{59E84F63-FE83-49D6-89C0-EF79DB6A6102}.Release|Any CPU.Build.0 = Release|Any CPU
	EndGlobalSection
	GlobalSection(SolutionProperties) = preSolution
		HideSolutionNode = FALSE
	EndGlobalSection
	GlobalSection(ExtensibilityGlobals) = postSolution
		SolutionGuid = {81F8D3B3-0E73-40AC-8B80-C32BAED40986}
	EndGlobalSection
EndGlobal
